
Microsoft Visual Studio Solution File, Format Version 12.00
# Visual Studio 15
VisualStudioVersion = 15.0.27004.2009
MinimumVisualStudioVersion = 10.0.40219.1
Project("{FAE04EC0-301F-11D3-BF4B-00C04F79EFBC}") = "SubtitlesFixer", "SubtitlesFixer\SubtitlesFixer.csproj", "{CEF51181-1A03-4585-B37B-C83E80C480DD}"
EndProject
Global
	GlobalSection(SolutionConfigurationPlatforms) = preSolution
		Debug|Any CPU = Debug|Any CPU
		Release|Any CPU = Release|Any CPU
	EndGlobalSection
	GlobalSection(ProjectConfigurationPlatforms) = postSolution
		{CEF51181-1A03-4585-B37B-C83E80C480DD}.Debug|Any CPU.ActiveCfg = Debug|Any CPU
		{CEF51181-1A03-4585-B37B-C83E80C480DD}.Debug|Any CPU.Build.0 = Debug|Any CPU
		{CEF51181-1A03-4585-B37B-C83E80C480DD}.Release|Any CPU.ActiveCfg = Release|Any CPU
		{CEF51181-1A03-4585-B37B-C83E80C480DD}.Release|Any CPU.Build.0 = Release|Any CPU
	EndGlobalSection
	GlobalSection(SolutionProperties) = preSolution
		HideSolutionNode = FALSE
	EndGlobalSection
	GlobalSection(ExtensibilityGlobals) = postSolution
		SolutionGuid = {4435F152-C639-46BE-8DFA-2BF6C2E685AF}
	EndGlobalSection
EndGlobal
